// !$*UTF8*$!
{
	archiveVersion = 1;
	classes = {
	};
	objectVersion = 48;
	objects = {

/* Begin PBXBuildFile section */
		652E2896205BCA4F009F7577 /* Config.plist in Resources */ = {isa = PBXBuildFile; fileRef = 652E2895205BCA4F009F7577 /* Config.plist */; };
		652E2897205BCA4F009F7577 /* Config.plist in Resources */ = {isa = PBXBuildFile; fileRef = 652E2895205BCA4F009F7577 /* Config.plist */; };
		652E2898205BCA4F009F7577 /* Config.plist in Resources */ = {isa = PBXBuildFile; fileRef = 652E2895205BCA4F009F7577 /* Config.plist */; };
		654C3ED0205871A9000356F7 /* FlickrGalleryImageViewController.swift in Sources */ = {isa = PBXBuildFile; fileRef = 654C3ECF205871A9000356F7 /* FlickrGalleryImageViewController.swift */; };
		654C3ED1205871A9000356F7 /* FlickrGalleryImageViewController.swift in Sources */ = {isa = PBXBuildFile; fileRef = 654C3ECF205871A9000356F7 /* FlickrGalleryImageViewController.swift */; };
		654C3ED2205871A9000356F7 /* FlickrGalleryImageViewController.swift in Sources */ = {isa = PBXBuildFile; fileRef = 654C3ECF205871A9000356F7 /* FlickrGalleryImageViewController.swift */; };
		657ADB8B2055777600CA5CA5 /* FlickrGalleryTableViewCell.swift in Sources */ = {isa = PBXBuildFile; fileRef = 657ADB8A2055777600CA5CA5 /* FlickrGalleryTableViewCell.swift */; };
		657ADB8C2055777600CA5CA5 /* FlickrGalleryTableViewCell.swift in Sources */ = {isa = PBXBuildFile; fileRef = 657ADB8A2055777600CA5CA5 /* FlickrGalleryTableViewCell.swift */; };
		657ADB8D2055777600CA5CA5 /* FlickrGalleryTableViewCell.swift in Sources */ = {isa = PBXBuildFile; fileRef = 657ADB8A2055777600CA5CA5 /* FlickrGalleryTableViewCell.swift */; };
		657ADB8F205581A600CA5CA5 /* FlickrGalleryViewModel.swift in Sources */ = {isa = PBXBuildFile; fileRef = 657ADB8E205581A600CA5CA5 /* FlickrGalleryViewModel.swift */; };
		657ADB90205581A600CA5CA5 /* FlickrGalleryViewModel.swift in Sources */ = {isa = PBXBuildFile; fileRef = 657ADB8E205581A600CA5CA5 /* FlickrGalleryViewModel.swift */; };
		657ADB91205581A600CA5CA5 /* FlickrGalleryViewModel.swift in Sources */ = {isa = PBXBuildFile; fileRef = 657ADB8E205581A600CA5CA5 /* FlickrGalleryViewModel.swift */; };
		657ADB932055824400CA5CA5 /* FlickrGalleryTableViewCellViewModel.swift in Sources */ = {isa = PBXBuildFile; fileRef = 657ADB922055824400CA5CA5 /* FlickrGalleryTableViewCellViewModel.swift */; };
		657ADB942055824400CA5CA5 /* FlickrGalleryTableViewCellViewModel.swift in Sources */ = {isa = PBXBuildFile; fileRef = 657ADB922055824400CA5CA5 /* FlickrGalleryTableViewCellViewModel.swift */; };
		657ADB952055824400CA5CA5 /* FlickrGalleryTableViewCellViewModel.swift in Sources */ = {isa = PBXBuildFile; fileRef = 657ADB922055824400CA5CA5 /* FlickrGalleryTableViewCellViewModel.swift */; };
		657ADB972055852B00CA5CA5 /* FlickrFeedDownloadService.swift in Sources */ = {isa = PBXBuildFile; fileRef = 657ADB962055852B00CA5CA5 /* FlickrFeedDownloadService.swift */; };
		657ADB982055852B00CA5CA5 /* FlickrFeedDownloadService.swift in Sources */ = {isa = PBXBuildFile; fileRef = 657ADB962055852B00CA5CA5 /* FlickrFeedDownloadService.swift */; };
		657ADB992055852B00CA5CA5 /* FlickrFeedDownloadService.swift in Sources */ = {isa = PBXBuildFile; fileRef = 657ADB962055852B00CA5CA5 /* FlickrFeedDownloadService.swift */; };
		658989502052C8EF00D27D78 /* AppDelegate.swift in Sources */ = {isa = PBXBuildFile; fileRef = 6589894F2052C8EF00D27D78 /* AppDelegate.swift */; };
		658989522052C8EF00D27D78 /* FlickrGalleryViewController.swift in Sources */ = {isa = PBXBuildFile; fileRef = 658989512052C8EF00D27D78 /* FlickrGalleryViewController.swift */; };
		658989552052C8EF00D27D78 /* Main.storyboard in Resources */ = {isa = PBXBuildFile; fileRef = 658989532052C8EF00D27D78 /* Main.storyboard */; };
		658989572052C8EF00D27D78 /* Assets.xcassets in Resources */ = {isa = PBXBuildFile; fileRef = 658989562052C8EF00D27D78 /* Assets.xcassets */; };
		6589895A2052C8EF00D27D78 /* LaunchScreen.storyboard in Resources */ = {isa = PBXBuildFile; fileRef = 658989582052C8EF00D27D78 /* LaunchScreen.storyboard */; };
		658989652052C8EF00D27D78 /* FlickrFeedDonwloadServiceTests.swift in Sources */ = {isa = PBXBuildFile; fileRef = 658989642052C8EF00D27D78 /* FlickrFeedDonwloadServiceTests.swift */; };
		658989702052C8EF00D27D78 /* FlickrGalleryUITests.swift in Sources */ = {isa = PBXBuildFile; fileRef = 6589896F2052C8EF00D27D78 /* FlickrGalleryUITests.swift */; };
		65BF263A20600FD70051B69A /* Strings+Localized.swift in Sources */ = {isa = PBXBuildFile; fileRef = 65BF263920600FD70051B69A /* Strings+Localized.swift */; };
		65BF263B20600FD70051B69A /* Strings+Localized.swift in Sources */ = {isa = PBXBuildFile; fileRef = 65BF263920600FD70051B69A /* Strings+Localized.swift */; };
		65BF263C20600FD70051B69A /* Strings+Localized.swift in Sources */ = {isa = PBXBuildFile; fileRef = 65BF263920600FD70051B69A /* Strings+Localized.swift */; };
		65F6C7B0205AF479004AF57D /* jsonToTest in Resources */ = {isa = PBXBuildFile; fileRef = 65F6C7AF205AF479004AF57D /* jsonToTest */; };
		65F6C7B2205AF95F004AF57D /* FlickrGalleryViewModelTests.swift in Sources */ = {isa = PBXBuildFile; fileRef = 65F6C7B1205AF95F004AF57D /* FlickrGalleryViewModelTests.swift */; };
		65F6C7B4205AFA0E004AF57D /* FlickrGalleryTableViewCellViewModelTests.swift in Sources */ = {isa = PBXBuildFile; fileRef = 65F6C7B3205AFA0E004AF57D /* FlickrGalleryTableViewCellViewModelTests.swift */; };
/* End PBXBuildFile section */

/* Begin PBXContainerItemProxy section */
		658989612052C8EF00D27D78 /* PBXContainerItemProxy */ = {
			isa = PBXContainerItemProxy;
			containerPortal = 658989442052C8EF00D27D78 /* Project object */;
			proxyType = 1;
			remoteGlobalIDString = 6589894B2052C8EF00D27D78;
			remoteInfo = FlickrGallery;
		};
		6589896C2052C8EF00D27D78 /* PBXContainerItemProxy */ = {
			isa = PBXContainerItemProxy;
			containerPortal = 658989442052C8EF00D27D78 /* Project object */;
			proxyType = 1;
			remoteGlobalIDString = 6589894B2052C8EF00D27D78;
			remoteInfo = FlickrGallery;
		};
/* End PBXContainerItemProxy section */

/* Begin PBXFileReference section */
		652E2895205BCA4F009F7577 /* Config.plist */ = {isa = PBXFileReference; lastKnownFileType = text.plist.xml; path = Config.plist; sourceTree = "<group>"; };
		654C3ECF205871A9000356F7 /* FlickrGalleryImageViewController.swift */ = {isa = PBXFileReference; lastKnownFileType = sourcecode.swift; path = FlickrGalleryImageViewController.swift; sourceTree = "<group>"; };
		657ADB8A2055777600CA5CA5 /* FlickrGalleryTableViewCell.swift */ = {isa = PBXFileReference; lastKnownFileType = sourcecode.swift; path = FlickrGalleryTableViewCell.swift; sourceTree = "<group>"; };
		657ADB8E205581A600CA5CA5 /* FlickrGalleryViewModel.swift */ = {isa = PBXFileReference; lastKnownFileType = sourcecode.swift; path = FlickrGalleryViewModel.swift; sourceTree = "<group>"; };
		657ADB922055824400CA5CA5 /* FlickrGalleryTableViewCellViewModel.swift */ = {isa = PBXFileReference; lastKnownFileType = sourcecode.swift; path = FlickrGalleryTableViewCellViewModel.swift; sourceTree = "<group>"; };
		657ADB962055852B00CA5CA5 /* FlickrFeedDownloadService.swift */ = {isa = PBXFileReference; lastKnownFileType = sourcecode.swift; path = FlickrFeedDownloadService.swift; sourceTree = "<group>"; };
		6589894C2052C8EF00D27D78 /* FlickrGallery.app */ = {isa = PBXFileReference; explicitFileType = wrapper.application; includeInIndex = 0; path = FlickrGallery.app; sourceTree = BUILT_PRODUCTS_DIR; };
		6589894F2052C8EF00D27D78 /* AppDelegate.swift */ = {isa = PBXFileReference; lastKnownFileType = sourcecode.swift; path = AppDelegate.swift; sourceTree = "<group>"; };
		658989512052C8EF00D27D78 /* FlickrGalleryViewController.swift */ = {isa = PBXFileReference; lastKnownFileType = sourcecode.swift; path = FlickrGalleryViewController.swift; sourceTree = "<group>"; };
		658989542052C8EF00D27D78 /* Base */ = {isa = PBXFileReference; lastKnownFileType = file.storyboard; name = Base; path = Base.lproj/Main.storyboard; sourceTree = "<group>"; };
		658989562052C8EF00D27D78 /* Assets.xcassets */ = {isa = PBXFileReference; lastKnownFileType = folder.assetcatalog; path = Assets.xcassets; sourceTree = "<group>"; };
		658989592052C8EF00D27D78 /* Base */ = {isa = PBXFileReference; lastKnownFileType = file.storyboard; name = Base; path = Base.lproj/LaunchScreen.storyboard; sourceTree = "<group>"; };
		6589895B2052C8EF00D27D78 /* Info.plist */ = {isa = PBXFileReference; lastKnownFileType = text.plist.xml; path = Info.plist; sourceTree = "<group>"; };
		658989602052C8EF00D27D78 /* FlickrGalleryTests.xctest */ = {isa = PBXFileReference; explicitFileType = wrapper.cfbundle; includeInIndex = 0; path = FlickrGalleryTests.xctest; sourceTree = BUILT_PRODUCTS_DIR; };
		658989642052C8EF00D27D78 /* FlickrFeedDonwloadServiceTests.swift */ = {isa = PBXFileReference; lastKnownFileType = sourcecode.swift; path = FlickrFeedDonwloadServiceTests.swift; sourceTree = "<group>"; };
		658989662052C8EF00D27D78 /* Info.plist */ = {isa = PBXFileReference; lastKnownFileType = text.plist.xml; path = Info.plist; sourceTree = "<group>"; };
		6589896B2052C8EF00D27D78 /* FlickrGalleryUITests.xctest */ = {isa = PBXFileReference; explicitFileType = wrapper.cfbundle; includeInIndex = 0; path = FlickrGalleryUITests.xctest; sourceTree = BUILT_PRODUCTS_DIR; };
		6589896F2052C8EF00D27D78 /* FlickrGalleryUITests.swift */ = {isa = PBXFileReference; lastKnownFileType = sourcecode.swift; path = FlickrGalleryUITests.swift; sourceTree = "<group>"; };
		658989712052C8EF00D27D78 /* Info.plist */ = {isa = PBXFileReference; lastKnownFileType = text.plist.xml; path = Info.plist; sourceTree = "<group>"; };
		65BF263920600FD70051B69A /* Strings+Localized.swift */ = {isa = PBXFileReference; lastKnownFileType = sourcecode.swift; path = "Strings+Localized.swift"; sourceTree = "<group>"; };
		65F6C7AF205AF479004AF57D /* jsonToTest */ = {isa = PBXFileReference; fileEncoding = 4; lastKnownFileType = text; path = jsonToTest; sourceTree = "<group>"; };
		65F6C7B1205AF95F004AF57D /* FlickrGalleryViewModelTests.swift */ = {isa = PBXFileReference; lastKnownFileType = sourcecode.swift; path = FlickrGalleryViewModelTests.swift; sourceTree = "<group>"; };
		65F6C7B3205AFA0E004AF57D /* FlickrGalleryTableViewCellViewModelTests.swift */ = {isa = PBXFileReference; lastKnownFileType = sourcecode.swift; path = FlickrGalleryTableViewCellViewModelTests.swift; sourceTree = "<group>"; };
/* End PBXFileReference section */

/* Begin PBXFrameworksBuildPhase section */
		658989492052C8EF00D27D78 /* Frameworks */ = {
			isa = PBXFrameworksBuildPhase;
			buildActionMask = 2147483647;
			files = (
			);
			runOnlyForDeploymentPostprocessing = 0;
		};
		6589895D2052C8EF00D27D78 /* Frameworks */ = {
			isa = PBXFrameworksBuildPhase;
			buildActionMask = 2147483647;
			files = (
			);
			runOnlyForDeploymentPostprocessing = 0;
		};
		658989682052C8EF00D27D78 /* Frameworks */ = {
			isa = PBXFrameworksBuildPhase;
			buildActionMask = 2147483647;
			files = (
			);
			runOnlyForDeploymentPostprocessing = 0;
		};
/* End PBXFrameworksBuildPhase section */

/* Begin PBXGroup section */
		652A84952059C7B20049115D /* Services */ = {
			isa = PBXGroup;
			children = (
				657ADB962055852B00CA5CA5 /* FlickrFeedDownloadService.swift */,
			);
			path = Services;
			sourceTree = "<group>";
		};
		652A84962059C7C00049115D /* FlickrGalleryTableViewCell */ = {
			isa = PBXGroup;
			children = (
				657ADB8A2055777600CA5CA5 /* FlickrGalleryTableViewCell.swift */,
				657ADB922055824400CA5CA5 /* FlickrGalleryTableViewCellViewModel.swift */,
			);
			path = FlickrGalleryTableViewCell;
			sourceTree = "<group>";
		};
		652A84972059C8080049115D /* FlickrGalleryViewController */ = {
			isa = PBXGroup;
			children = (
				658989512052C8EF00D27D78 /* FlickrGalleryViewController.swift */,
				657ADB8E205581A600CA5CA5 /* FlickrGalleryViewModel.swift */,
			);
			path = FlickrGalleryViewController;
			sourceTree = "<group>";
		};
		652A84982059C81F0049115D /* FlickrGalleryImageViewController */ = {
			isa = PBXGroup;
			children = (
				654C3ECF205871A9000356F7 /* FlickrGalleryImageViewController.swift */,
			);
			path = FlickrGalleryImageViewController;
			sourceTree = "<group>";
		};
		658989432052C8EF00D27D78 = {
			isa = PBXGroup;
			children = (
				6589894E2052C8EF00D27D78 /* FlickrGallery */,
				658989632052C8EF00D27D78 /* FlickrGalleryTests */,
				6589896E2052C8EF00D27D78 /* FlickrGalleryUITests */,
				6589894D2052C8EF00D27D78 /* Products */,
			);
			sourceTree = "<group>";
		};
		6589894D2052C8EF00D27D78 /* Products */ = {
			isa = PBXGroup;
			children = (
				6589894C2052C8EF00D27D78 /* FlickrGallery.app */,
				658989602052C8EF00D27D78 /* FlickrGalleryTests.xctest */,
				6589896B2052C8EF00D27D78 /* FlickrGalleryUITests.xctest */,
			);
			name = Products;
			sourceTree = "<group>";
		};
		6589894E2052C8EF00D27D78 /* FlickrGallery */ = {
			isa = PBXGroup;
			children = (
				652A84972059C8080049115D /* FlickrGalleryViewController */,
				652A84982059C81F0049115D /* FlickrGalleryImageViewController */,
				652A84962059C7C00049115D /* FlickrGalleryTableViewCell */,
				652A84952059C7B20049115D /* Services */,
				6589894F2052C8EF00D27D78 /* AppDelegate.swift */,
				6589895B2052C8EF00D27D78 /* Info.plist */,
				658989562052C8EF00D27D78 /* Assets.xcassets */,
				658989532052C8EF00D27D78 /* Main.storyboard */,
				658989582052C8EF00D27D78 /* LaunchScreen.storyboard */,
				65F6C7AF205AF479004AF57D /* jsonToTest */,
				652E2895205BCA4F009F7577 /* Config.plist */,
				65BF263920600FD70051B69A /* Strings+Localized.swift */,
			);
			path = FlickrGallery;
			sourceTree = "<group>";
		};
		658989632052C8EF00D27D78 /* FlickrGalleryTests */ = {
			isa = PBXGroup;
			children = (
				658989642052C8EF00D27D78 /* FlickrFeedDonwloadServiceTests.swift */,
				65F6C7B1205AF95F004AF57D /* FlickrGalleryViewModelTests.swift */,
				65F6C7B3205AFA0E004AF57D /* FlickrGalleryTableViewCellViewModelTests.swift */,
				658989662052C8EF00D27D78 /* Info.plist */,
			);
			path = FlickrGalleryTests;
			sourceTree = "<group>";
		};
		6589896E2052C8EF00D27D78 /* FlickrGalleryUITests */ = {
			isa = PBXGroup;
			children = (
				6589896F2052C8EF00D27D78 /* FlickrGalleryUITests.swift */,
				658989712052C8EF00D27D78 /* Info.plist */,
			);
			path = FlickrGalleryUITests;
			sourceTree = "<group>";
		};
/* End PBXGroup section */

/* Begin PBXNativeTarget section */
		6589894B2052C8EF00D27D78 /* FlickrGallery */ = {
			isa = PBXNativeTarget;
			buildConfigurationList = 658989742052C8EF00D27D78 /* Build configuration list for PBXNativeTarget "FlickrGallery" */;
			buildPhases = (
				658989482052C8EF00D27D78 /* Sources */,
				658989492052C8EF00D27D78 /* Frameworks */,
				6589894A2052C8EF00D27D78 /* Resources */,
			);
			buildRules = (
			);
			dependencies = (
			);
			name = FlickrGallery;
			productName = FlickrGallery;
			productReference = 6589894C2052C8EF00D27D78 /* FlickrGallery.app */;
			productType = "com.apple.product-type.application";
		};
		6589895F2052C8EF00D27D78 /* FlickrGalleryTests */ = {
			isa = PBXNativeTarget;
			buildConfigurationList = 658989772052C8EF00D27D78 /* Build configuration list for PBXNativeTarget "FlickrGalleryTests" */;
			buildPhases = (
				6589895C2052C8EF00D27D78 /* Sources */,
				6589895D2052C8EF00D27D78 /* Frameworks */,
				6589895E2052C8EF00D27D78 /* Resources */,
			);
			buildRules = (
			);
			dependencies = (
				658989622052C8EF00D27D78 /* PBXTargetDependency */,
			);
			name = FlickrGalleryTests;
			productName = FlickrGalleryTests;
			productReference = 658989602052C8EF00D27D78 /* FlickrGalleryTests.xctest */;
			productType = "com.apple.product-type.bundle.unit-test";
		};
		6589896A2052C8EF00D27D78 /* FlickrGalleryUITests */ = {
			isa = PBXNativeTarget;
			buildConfigurationList = 6589897A2052C8EF00D27D78 /* Build configuration list for PBXNativeTarget "FlickrGalleryUITests" */;
			buildPhases = (
				658989672052C8EF00D27D78 /* Sources */,
				658989682052C8EF00D27D78 /* Frameworks */,
				658989692052C8EF00D27D78 /* Resources */,
			);
			buildRules = (
			);
			dependencies = (
				6589896D2052C8EF00D27D78 /* PBXTargetDependency */,
			);
			name = FlickrGalleryUITests;
			productName = FlickrGalleryUITests;
			productReference = 6589896B2052C8EF00D27D78 /* FlickrGalleryUITests.xctest */;
			productType = "com.apple.product-type.bundle.ui-testing";
		};
/* End PBXNativeTarget section */

/* Begin PBXProject section */
		658989442052C8EF00D27D78 /* Project object */ = {
			isa = PBXProject;
			attributes = {
				LastSwiftUpdateCheck = 0910;
				LastUpgradeCheck = 0910;
				ORGANIZATIONNAME = Mobinaut;
				TargetAttributes = {
					6589894B2052C8EF00D27D78 = {
						CreatedOnToolsVersion = 9.1;
						ProvisioningStyle = Automatic;
					};
					6589895F2052C8EF00D27D78 = {
						CreatedOnToolsVersion = 9.1;
						ProvisioningStyle = Automatic;
						TestTargetID = 6589894B2052C8EF00D27D78;
					};
					6589896A2052C8EF00D27D78 = {
						CreatedOnToolsVersion = 9.1;
						ProvisioningStyle = Automatic;
						TestTargetID = 6589894B2052C8EF00D27D78;
					};
				};
			};
			buildConfigurationList = 658989472052C8EF00D27D78 /* Build configuration list for PBXProject "FlickrGallery" */;
			compatibilityVersion = "Xcode 8.0";
			developmentRegion = en;
			hasScannedForEncodings = 0;
			knownRegions = (
				en,
				Base,
			);
			mainGroup = 658989432052C8EF00D27D78;
			productRefGroup = 6589894D2052C8EF00D27D78 /* Products */;
			projectDirPath = "";
			projectRoot = "";
			targets = (
				6589894B2052C8EF00D27D78 /* FlickrGallery */,
				6589895F2052C8EF00D27D78 /* FlickrGalleryTests */,
				6589896A2052C8EF00D27D78 /* FlickrGalleryUITests */,
			);
		};
/* End PBXProject section */

/* Begin PBXResourcesBuildPhase section */
		6589894A2052C8EF00D27D78 /* Resources */ = {
			isa = PBXResourcesBuildPhase;
			buildActionMask = 2147483647;
			files = (
				6589895A2052C8EF00D27D78 /* LaunchScreen.storyboard in Resources */,
				658989572052C8EF00D27D78 /* Assets.xcassets in Resources */,
				658989552052C8EF00D27D78 /* Main.storyboard in Resources */,
				652E2896205BCA4F009F7577 /* Config.plist in Resources */,
				65F6C7B0205AF479004AF57D /* jsonToTest in Resources */,
			);
			runOnlyForDeploymentPostprocessing = 0;
		};
		6589895E2052C8EF00D27D78 /* Resources */ = {
			isa = PBXResourcesBuildPhase;
			buildActionMask = 2147483647;
			files = (
				652E2897205BCA4F009F7577 /* Config.plist in Resources */,
			);
			runOnlyForDeploymentPostprocessing = 0;
		};
		658989692052C8EF00D27D78 /* Resources */ = {
			isa = PBXResourcesBuildPhase;
			buildActionMask = 2147483647;
			files = (
				652E2898205BCA4F009F7577 /* Config.plist in Resources */,
			);
			runOnlyForDeploymentPostprocessing = 0;
		};
/* End PBXResourcesBuildPhase section */

/* Begin PBXSourcesBuildPhase section */
		658989482052C8EF00D27D78 /* Sources */ = {
			isa = PBXSourcesBuildPhase;
			buildActionMask = 2147483647;
			files = (
				658989522052C8EF00D27D78 /* FlickrGalleryViewController.swift in Sources */,
				658989502052C8EF00D27D78 /* AppDelegate.swift in Sources */,
				657ADB8F205581A600CA5CA5 /* FlickrGalleryViewModel.swift in Sources */,
				654C3ED0205871A9000356F7 /* FlickrGalleryImageViewController.swift in Sources */,
				657ADB8B2055777600CA5CA5 /* FlickrGalleryTableViewCell.swift in Sources */,
				657ADB972055852B00CA5CA5 /* FlickrFeedDownloadService.swift in Sources */,
				65BF263A20600FD70051B69A /* Strings+Localized.swift in Sources */,
				657ADB932055824400CA5CA5 /* FlickrGalleryTableViewCellViewModel.swift in Sources */,
			);
			runOnlyForDeploymentPostprocessing = 0;
		};
		6589895C2052C8EF00D27D78 /* Sources */ = {
			isa = PBXSourcesBuildPhase;
			buildActionMask = 2147483647;
			files = (
				657ADB90205581A600CA5CA5 /* FlickrGalleryViewModel.swift in Sources */,
				657ADB8C2055777600CA5CA5 /* FlickrGalleryTableViewCell.swift in Sources */,
				657ADB942055824400CA5CA5 /* FlickrGalleryTableViewCellViewModel.swift in Sources */,
				65BF263B20600FD70051B69A /* Strings+Localized.swift in Sources */,
				65F6C7B2205AF95F004AF57D /* FlickrGalleryViewModelTests.swift in Sources */,
				658989652052C8EF00D27D78 /* FlickrFeedDonwloadServiceTests.swift in Sources */,
				654C3ED1205871A9000356F7 /* FlickrGalleryImageViewController.swift in Sources */,
				65F6C7B4205AFA0E004AF57D /* FlickrGalleryTableViewCellViewModelTests.swift in Sources */,
				657ADB982055852B00CA5CA5 /* FlickrFeedDownloadService.swift in Sources */,
			);
			runOnlyForDeploymentPostprocessing = 0;
		};
		658989672052C8EF00D27D78 /* Sources */ = {
			isa = PBXSourcesBuildPhase;
			buildActionMask = 2147483647;
			files = (
				65BF263C20600FD70051B69A /* Strings+Localized.swift in Sources */,
				657ADB91205581A600CA5CA5 /* FlickrGalleryViewModel.swift in Sources */,
				657ADB8D2055777600CA5CA5 /* FlickrGalleryTableViewCell.swift in Sources */,
				657ADB952055824400CA5CA5 /* FlickrGalleryTableViewCellViewModel.swift in Sources */,
				658989702052C8EF00D27D78 /* FlickrGalleryUITests.swift in Sources */,
				654C3ED2205871A9000356F7 /* FlickrGalleryImageViewController.swift in Sources */,
				657ADB992055852B00CA5CA5 /* FlickrFeedDownloadService.swift in Sources */,
			);
			runOnlyForDeploymentPostprocessing = 0;
		};
/* End PBXSourcesBuildPhase section */

/* Begin PBXTargetDependency section */
		658989622052C8EF00D27D78 /* PBXTargetDependency */ = {
			isa = PBXTargetDependency;
			target = 6589894B2052C8EF00D27D78 /* FlickrGallery */;
			targetProxy = 658989612052C8EF00D27D78 /* PBXContainerItemProxy */;
		};
		6589896D2052C8EF00D27D78 /* PBXTargetDependency */ = {
			isa = PBXTargetDependency;
			target = 6589894B2052C8EF00D27D78 /* FlickrGallery */;
			targetProxy = 6589896C2052C8EF00D27D78 /* PBXContainerItemProxy */;
		};
/* End PBXTargetDependency section */

/* Begin PBXVariantGroup section */
		658989532052C8EF00D27D78 /* Main.storyboard */ = {
			isa = PBXVariantGroup;
			children = (
				658989542052C8EF00D27D78 /* Base */,
			);
			name = Main.storyboard;
			sourceTree = "<group>";
		};
		658989582052C8EF00D27D78 /* LaunchScreen.storyboard */ = {
			isa = PBXVariantGroup;
			children = (
				658989592052C8EF00D27D78 /* Base */,
			);
			name = LaunchScreen.storyboard;
			sourceTree = "<group>";
		};
/* End PBXVariantGroup section */

/* Begin XCBuildConfiguration section */
		658989722052C8EF00D27D78 /* Debug */ = {
			isa = XCBuildConfiguration;
			buildSettings = {
				ALWAYS_SEARCH_USER_PATHS = NO;
				CLANG_ANALYZER_NONNULL = YES;
				CLANG_ANALYZER_NUMBER_OBJECT_CONVERSION = YES_AGGRESSIVE;
				CLANG_CXX_LANGUAGE_STANDARD = "gnu++14";
				CLANG_CXX_LIBRARY = "libc++";
				CLANG_ENABLE_MODULES = YES;
				CLANG_ENABLE_OBJC_ARC = YES;
				CLANG_WARN_BLOCK_CAPTURE_AUTORELEASING = YES;
				CLANG_WARN_BOOL_CONVERSION = YES;
				CLANG_WARN_COMMA = YES;
				CLANG_WARN_CONSTANT_CONVERSION = YES;
				CLANG_WARN_DIRECT_OBJC_ISA_USAGE = YES_ERROR;
				CLANG_WARN_DOCUMENTATION_COMMENTS = YES;
				CLANG_WARN_EMPTY_BODY = YES;
				CLANG_WARN_ENUM_CONVERSION = YES;
				CLANG_WARN_INFINITE_RECURSION = YES;
				CLANG_WARN_INT_CONVERSION = YES;
				CLANG_WARN_NON_LITERAL_NULL_CONVERSION = YES;
				CLANG_WARN_OBJC_LITERAL_CONVERSION = YES;
				CLANG_WARN_OBJC_ROOT_CLASS = YES_ERROR;
				CLANG_WARN_RANGE_LOOP_ANALYSIS = YES;
				CLANG_WARN_STRICT_PROTOTYPES = YES;
				CLANG_WARN_SUSPICIOUS_MOVE = YES;
				CLANG_WARN_UNGUARDED_AVAILABILITY = YES_AGGRESSIVE;
				CLANG_WARN_UNREACHABLE_CODE = YES;
				CLANG_WARN__DUPLICATE_METHOD_MATCH = YES;
				CODE_SIGN_IDENTITY = "iPhone Developer";
				COPY_PHASE_STRIP = NO;
				DEBUG_INFORMATION_FORMAT = dwarf;
				ENABLE_STRICT_OBJC_MSGSEND = YES;
				ENABLE_TESTABILITY = YES;
				GCC_C_LANGUAGE_STANDARD = gnu11;
				GCC_DYNAMIC_NO_PIC = NO;
				GCC_NO_COMMON_BLOCKS = YES;
				GCC_OPTIMIZATION_LEVEL = 0;
				GCC_PREPROCESSOR_DEFINITIONS = (
					"DEBUG=1",
					"$(inherited)",
				);
				GCC_WARN_64_TO_32_BIT_CONVERSION = YES;
				GCC_WARN_ABOUT_RETURN_TYPE = YES_ERROR;
				GCC_WARN_UNDECLARED_SELECTOR = YES;
				GCC_WARN_UNINITIALIZED_AUTOS = YES_AGGRESSIVE;
				GCC_WARN_UNUSED_FUNCTION = YES;
				GCC_WARN_UNUSED_VARIABLE = YES;
				IPHONEOS_DEPLOYMENT_TARGET = 11.1;
				MTL_ENABLE_DEBUG_INFO = YES;
				ONLY_ACTIVE_ARCH = YES;
				SDKROOT = iphoneos;
				SWIFT_ACTIVE_COMPILATION_CONDITIONS = DEBUG;
				SWIFT_OPTIMIZATION_LEVEL = "-Onone";
			};
			name = Debug;
		};
		658989732052C8EF00D27D78 /* Release */ = {
			isa = XCBuildConfiguration;
			buildSettings = {
				ALWAYS_SEARCH_USER_PATHS = NO;
				CLANG_ANALYZER_NONNULL = YES;
				CLANG_ANALYZER_NUMBER_OBJECT_CONVERSION = YES_AGGRESSIVE;
				CLANG_CXX_LANGUAGE_STANDARD = "gnu++14";
				CLANG_CXX_LIBRARY = "libc++";
				CLANG_ENABLE_MODULES = YES;
				CLANG_ENABLE_OBJC_ARC = YES;
				CLANG_WARN_BLOCK_CAPTURE_AUTORELEASING = YES;
				CLANG_WARN_BOOL_CONVERSION = YES;
				CLANG_WARN_COMMA = YES;
				CLANG_WARN_CONSTANT_CONVERSION = YES;
				CLANG_WARN_DIRECT_OBJC_ISA_USAGE = YES_ERROR;
				CLANG_WARN_DOCUMENTATION_COMMENTS = YES;
				CLANG_WARN_EMPTY_BODY = YES;
				CLANG_WARN_ENUM_CONVERSION = YES;
				CLANG_WARN_INFINITE_RECURSION = YES;
				CLANG_WARN_INT_CONVERSION = YES;
				CLANG_WARN_NON_LITERAL_NULL_CONVERSION = YES;
				CLANG_WARN_OBJC_LITERAL_CONVERSION = YES;
				CLANG_WARN_OBJC_ROOT_CLASS = YES_ERROR;
				CLANG_WARN_RANGE_LOOP_ANALYSIS = YES;
				CLANG_WARN_STRICT_PROTOTYPES = YES;
				CLANG_WARN_SUSPICIOUS_MOVE = YES;
				CLANG_WARN_UNGUARDED_AVAILABILITY = YES_AGGRESSIVE;
				CLANG_WARN_UNREACHABLE_CODE = YES;
				CLANG_WARN__DUPLICATE_METHOD_MATCH = YES;
				CODE_SIGN_IDENTITY = "iPhone Developer";
				COPY_PHASE_STRIP = NO;
				DEBUG_INFORMATION_FORMAT = "dwarf-with-dsym";
				ENABLE_NS_ASSERTIONS = NO;
				ENABLE_STRICT_OBJC_MSGSEND = YES;
				GCC_C_LANGUAGE_STANDARD = gnu11;
				GCC_NO_COMMON_BLOCKS = YES;
				GCC_WARN_64_TO_32_BIT_CONVERSION = YES;
				GCC_WARN_ABOUT_RETURN_TYPE = YES_ERROR;
				GCC_WARN_UNDECLARED_SELECTOR = YES;
				GCC_WARN_UNINITIALIZED_AUTOS = YES_AGGRESSIVE;
				GCC_WARN_UNUSED_FUNCTION = YES;
				GCC_WARN_UNUSED_VARIABLE = YES;
				IPHONEOS_DEPLOYMENT_TARGET = 11.1;
				MTL_ENABLE_DEBUG_INFO = NO;
				SDKROOT = iphoneos;
				SWIFT_OPTIMIZATION_LEVEL = "-Owholemodule";
				VALIDATE_PRODUCT = YES;
			};
			name = Release;
		};
		658989752052C8EF00D27D78 /* Debug */ = {
			isa = XCBuildConfiguration;
			buildSettings = {
				ASSETCATALOG_COMPILER_APPICON_NAME = AppIcon;
				CODE_SIGN_STYLE = Automatic;
				INFOPLIST_FILE = FlickrGallery/Info.plist;
				LD_RUNPATH_SEARCH_PATHS = "$(inherited) @executable_path/Frameworks";
				PRODUCT_BUNDLE_IDENTIFIER = com.mobinaut.FlickrGallery;
				PRODUCT_NAME = "$(TARGET_NAME)";
				SWIFT_VERSION = 4.0;
				TARGETED_DEVICE_FAMILY = "1,2";
			};
			name = Debug;
		};
		658989762052C8EF00D27D78 /* Release */ = {
			isa = XCBuildConfiguration;
			buildSettings = {
				ASSETCATALOG_COMPILER_APPICON_NAME = AppIcon;
				CODE_SIGN_STYLE = Automatic;
				INFOPLIST_FILE = FlickrGallery/Info.plist;
				LD_RUNPATH_SEARCH_PATHS = "$(inherited) @executable_path/Frameworks";
				PRODUCT_BUNDLE_IDENTIFIER = com.mobinaut.FlickrGallery;
				PRODUCT_NAME = "$(TARGET_NAME)";
				SWIFT_VERSION = 4.0;
				TARGETED_DEVICE_FAMILY = "1,2";
			};
			name = Release;
		};
		658989782052C8EF00D27D78 /* Debug */ = {
			isa = XCBuildConfiguration;
			buildSettings = {
				ALWAYS_EMBED_SWIFT_STANDARD_LIBRARIES = YES;
				BUNDLE_LOADER = "$(TEST_HOST)";
				CODE_SIGN_STYLE = Automatic;
				INFOPLIST_FILE = FlickrGalleryTests/Info.plist;
				LD_RUNPATH_SEARCH_PATHS = "$(inherited) @executable_path/Frameworks @loader_path/Frameworks";
				PRODUCT_BUNDLE_IDENTIFIER = com.mobinaut.FlickrGalleryTests;
				PRODUCT_NAME = "$(TARGET_NAME)";
				SWIFT_VERSION = 4.0;
				TARGETED_DEVICE_FAMILY = "1,2";
				TEST_HOST = "$(BUILT_PRODUCTS_DIR)/FlickrGallery.app/FlickrGallery";
			};
			name = Debug;
		};
		658989792052C8EF00D27D78 /* Release */ = {
			isa = XCBuildConfiguration;
			buildSettings = {
				ALWAYS_EMBED_SWIFT_STANDARD_LIBRARIES = YES;
				BUNDLE_LOADER = "$(TEST_HOST)";
				CODE_SIGN_STYLE = Automatic;
				INFOPLIST_FILE = FlickrGalleryTests/Info.plist;
				LD_RUNPATH_SEARCH_PATHS = "$(inherited) @executable_path/Frameworks @loader_path/Frameworks";
				PRODUCT_BUNDLE_IDENTIFIER = com.mobinaut.FlickrGalleryTests;
				PRODUCT_NAME = "$(TARGET_NAME)";
				SWIFT_VERSION = 4.0;
				TARGETED_DEVICE_FAMILY = "1,2";
				TEST_HOST = "$(BUILT_PRODUCTS_DIR)/FlickrGallery.app/FlickrGallery";
			};
			name = Release;
		};
		6589897B2052C8EF00D27D78 /* Debug */ = {
			isa = XCBuildConfiguration;
			buildSettings = {
				ALWAYS_EMBED_SWIFT_STANDARD_LIBRARIES = YES;
				CODE_SIGN_STYLE = Automatic;
				INFOPLIST_FILE = FlickrGalleryUITests/Info.plist;
				LD_RUNPATH_SEARCH_PATHS = "$(inherited) @executable_path/Frameworks @loader_path/Frameworks";
				PRODUCT_BUNDLE_IDENTIFIER = com.mobinaut.FlickrGalleryUITests;
				PRODUCT_NAME = "$(TARGET_NAME)";
				SWIFT_VERSION = 4.0;
				TARGETED_DEVICE_FAMILY = "1,2";
				TEST_TARGET_NAME = FlickrGallery;
			};
			name = Debug;
		};
		6589897C2052C8EF00D27D78 /* Release */ = {
			isa = XCBuildConfiguration;
			buildSettings = {
				ALWAYS_EMBED_SWIFT_STANDARD_LIBRARIES = YES;
				CODE_SIGN_STYLE = Automatic;
				INFOPLIST_FILE = FlickrGalleryUITests/Info.plist;
				LD_RUNPATH_SEARCH_PATHS = "$(inherited) @executable_path/Frameworks @loader_path/Frameworks";
				PRODUCT_BUNDLE_IDENTIFIER = com.mobinaut.FlickrGalleryUITests;
				PRODUCT_NAME = "$(TARGET_NAME)";
				SWIFT_VERSION = 4.0;
				TARGETED_DEVICE_FAMILY = "1,2";
				TEST_TARGET_NAME = FlickrGallery;
			};
			name = Release;
		};
/* End XCBuildConfiguration section */

/* Begin XCConfigurationList section */
		658989472052C8EF00D27D78 /* Build configuration list for PBXProject "FlickrGallery" */ = {
			isa = XCConfigurationList;
			buildConfigurations = (
				658989722052C8EF00D27D78 /* Debug */,
				658989732052C8EF00D27D78 /* Release */,
			);
			defaultConfigurationIsVisible = 0;
			defaultConfigurationName = Release;
		};
		658989742052C8EF00D27D78 /* Build configuration list for PBXNativeTarget "FlickrGallery" */ = {
			isa = XCConfigurationList;
			buildConfigurations = (
				658989752052C8EF00D27D78 /* Debug */,
				658989762052C8EF00D27D78 /* Release */,
			);
			defaultConfigurationIsVisible = 0;
			defaultConfigurationName = Release;
		};
		658989772052C8EF00D27D78 /* Build configuration list for PBXNativeTarget "FlickrGalleryTests" */ = {
			isa = XCConfigurationList;
			buildConfigurations = (
				658989782052C8EF00D27D78 /* Debug */,
				658989792052C8EF00D27D78 /* Release */,
			);
			defaultConfigurationIsVisible = 0;
			defaultConfigurationName = Release;
		};
		6589897A2052C8EF00D27D78 /* Build configuration list for PBXNativeTarget "FlickrGalleryUITests" */ = {
			isa = XCConfigurationList;
			buildConfigurations = (
				6589897B2052C8EF00D27D78 /* Debug */,
				6589897C2052C8EF00D27D78 /* Release */,
			);
			defaultConfigurationIsVisible = 0;
			defaultConfigurationName = Release;
		};
/* End XCConfigurationList section */
	};
	rootObject = 658989442052C8EF00D27D78 /* Project object */;
}
